schema: '2.0'
stages:
  data_ingestion:
    cmd: python3 src/cnnClassifier/pipeline/stage_01_data_ingestion.py
    deps:
    - path: config/config.yaml
      hash: md5
      md5: 30019b7914d581244f3903487974d042
      size: 893
    - path: src/cnnClassifier/pipeline/stage_01_data_ingestion.py
      hash: md5
      md5: 31e99aec8cc9968ce9356359dd1ec6f9
      size: 890
    outs:
    - path: artifacts/data_ingestion/Chicken-fecal-images
      hash: md5
      md5: 9e1f8dd2eae3c29e9d635df89d438ae4.dir
      size: 12207807
      nfiles: 390
  prepare_base_model:
    cmd: python3 src/cnnClassifier/pipeline/stage_02_prepare_base_model.py
    deps:
    - path: config/config.yaml
      hash: md5
      md5: 30019b7914d581244f3903487974d042
      size: 893
    - path: src/cnnClassifier/pipeline/stage_02_prepare_base_model.py
      hash: md5
      md5: 7bfb4498d33994f1ca170208e6c63932
      size: 948
    params:
      params.yaml:
        CLASSES: 2
        IMAGE_SIZE:
        - 224
        - 224
        - 3
        INCLUDE_TOP: false
        LEARNING_RATE: 0.01
        WEIGHTS: imagenet
    outs:
    - path: artifacts/prepare_base_model
      hash: md5
      md5: 972d88375b73f20ca48629ea0772dbe9.dir
      size: 118059248
      nfiles: 2
  training:
    cmd: python3 src/cnnClassifier/pipeline/stage_03_training.py
    deps:
    - path: artifacts/data_ingestion/Chicken-fecal-images
      hash: md5
      md5: 9e1f8dd2eae3c29e9d635df89d438ae4.dir
      size: 12207807
      nfiles: 390
    - path: artifacts/prepare_base_model
      hash: md5
      md5: 972d88375b73f20ca48629ea0772dbe9.dir
      size: 118059248
      nfiles: 2
    - path: config/config.yaml
      hash: md5
      md5: 30019b7914d581244f3903487974d042
      size: 893
    - path: src/cnnClassifier/components/prepare_callbacks.py
      hash: md5
      md5: 9c61e42aebdce32da947aed94b4aec2d
      size: 975
    - path: src/cnnClassifier/pipeline/stage_03_training.py
      hash: md5
      md5: 755837cd21710e7a8e748eee87703034
      size: 1224
    params:
      params.yaml:
        AUGUMENTATION: true
        BATCH_SIZE: 16
        EPOCHS: 1
        IMAGE_SIZE:
        - 224
        - 224
        - 3
    outs:
    - path: artifacts/training/model.h5
      hash: md5
      md5: 9a85a14900c44f40e6568fb81546ea2c
      size: 59340720
  evaluation:
    cmd: python3 src/cnnClassifier/pipeline/stage_04_evaluation.py
    deps:
    - path: artifacts/data_ingestion/Chicken-fecal-images
      hash: md5
      md5: 9e1f8dd2eae3c29e9d635df89d438ae4.dir
      size: 12207807
      nfiles: 390
    - path: artifacts/training/model.h5
      hash: md5
      md5: 9a85a14900c44f40e6568fb81546ea2c
      size: 59340720
    - path: config/config.yaml
      hash: md5
      md5: 30019b7914d581244f3903487974d042
      size: 893
    - path: src/cnnClassifier/pipeline/stage_04_evaluation.py
      hash: md5
      md5: 66a2ec96bccfd0f56597462ebd711819
      size: 850
    params:
      params.yaml:
        BATCH_SIZE: 16
        IMAGE_SIZE:
        - 224
        - 224
        - 3
    outs:
    - path: scores.json
      hash: md5
      md5: 541f2bd8f273c0b67c732955973f85d4
      size: 69
